// !$*UTF8*$!
{
	archiveVersion = 1;
	classes = {
	};
	objectVersion = 51;
	objects = {

/* Begin PBXBuildFile section */
		6C96F628D399DF1C7CD25E43 /* Pods_Top_Five.framework in Frameworks */ = {isa = PBXBuildFile; fileRef = 783E0E7009AA91F8F4568B11 /* Pods_Top_Five.framework */; };
		80362941246321610092C387 /* ListItemCell.swift in Sources */ = {isa = PBXBuildFile; fileRef = 8036293F246321610092C387 /* ListItemCell.swift */; };
		80362942246321610092C387 /* ListItemCell.xib in Resources */ = {isa = PBXBuildFile; fileRef = 80362940246321610092C387 /* ListItemCell.xib */; };
		80B907B92462331E003950F3 /* ItemsViewController.swift in Sources */ = {isa = PBXBuildFile; fileRef = 80B907B82462331E003950F3 /* ItemsViewController.swift */; };
		80C1B1962460C3F3000ADDB0 /* AppDelegate.swift in Sources */ = {isa = PBXBuildFile; fileRef = 80C1B1952460C3F3000ADDB0 /* AppDelegate.swift */; };
		80C1B1982460C3F3000ADDB0 /* SceneDelegate.swift in Sources */ = {isa = PBXBuildFile; fileRef = 80C1B1972460C3F3000ADDB0 /* SceneDelegate.swift */; };
		80C1B19A2460C3F3000ADDB0 /* OverviewViewController.swift in Sources */ = {isa = PBXBuildFile; fileRef = 80C1B1992460C3F3000ADDB0 /* OverviewViewController.swift */; };
		80C1B19D2460C3F3000ADDB0 /* Main.storyboard in Resources */ = {isa = PBXBuildFile; fileRef = 80C1B19B2460C3F3000ADDB0 /* Main.storyboard */; };
		80C1B19F2460C3F8000ADDB0 /* Assets.xcassets in Resources */ = {isa = PBXBuildFile; fileRef = 80C1B19E2460C3F8000ADDB0 /* Assets.xcassets */; };
		80C1B1A22460C3F8000ADDB0 /* LaunchScreen.storyboard in Resources */ = {isa = PBXBuildFile; fileRef = 80C1B1A02460C3F8000ADDB0 /* LaunchScreen.storyboard */; };
		80C1B1B72460F619000ADDB0 /* OverviewCell.swift in Sources */ = {isa = PBXBuildFile; fileRef = 80C1B1B52460F619000ADDB0 /* OverviewCell.swift */; };
		80C1B1B82460F619000ADDB0 /* OverviewCell.xib in Resources */ = {isa = PBXBuildFile; fileRef = 80C1B1B62460F619000ADDB0 /* OverviewCell.xib */; };
		80EB28442461DA1C006E54BD /* TopFiveList.swift in Sources */ = {isa = PBXBuildFile; fileRef = 80EB28432461DA1C006E54BD /* TopFiveList.swift */; };
		80EB28462461DA37006E54BD /* ListItem.swift in Sources */ = {isa = PBXBuildFile; fileRef = 80EB28452461DA37006E54BD /* ListItem.swift */; };
		80EB28492461ED9E006E54BD /* Righteous-Regular.ttf in Resources */ = {isa = PBXBuildFile; fileRef = 80EB28482461ED9E006E54BD /* Righteous-Regular.ttf */; };
/* End PBXBuildFile section */

/* Begin PBXFileReference section */
		56F3DA81DE6A55C2A0B0AF41 /* Pods-Top Five.release.xcconfig */ = {isa = PBXFileReference; includeInIndex = 1; lastKnownFileType = text.xcconfig; name = "Pods-Top Five.release.xcconfig"; path = "Target Support Files/Pods-Top Five/Pods-Top Five.release.xcconfig"; sourceTree = "<group>"; };
		5D27AA8D67FB3965ABFA161C /* Pods-Top Five.debug.xcconfig */ = {isa = PBXFileReference; includeInIndex = 1; lastKnownFileType = text.xcconfig; name = "Pods-Top Five.debug.xcconfig"; path = "Target Support Files/Pods-Top Five/Pods-Top Five.debug.xcconfig"; sourceTree = "<group>"; };
		783E0E7009AA91F8F4568B11 /* Pods_Top_Five.framework */ = {isa = PBXFileReference; explicitFileType = wrapper.framework; includeInIndex = 0; path = Pods_Top_Five.framework; sourceTree = BUILT_PRODUCTS_DIR; };
		8036293F246321610092C387 /* ListItemCell.swift */ = {isa = PBXFileReference; lastKnownFileType = sourcecode.swift; path = ListItemCell.swift; sourceTree = "<group>"; };
		80362940246321610092C387 /* ListItemCell.xib */ = {isa = PBXFileReference; lastKnownFileType = file.xib; path = ListItemCell.xib; sourceTree = "<group>"; };
		80B907B82462331E003950F3 /* ItemsViewController.swift */ = {isa = PBXFileReference; lastKnownFileType = sourcecode.swift; path = ItemsViewController.swift; sourceTree = "<group>"; };
		80C1B1922460C3F3000ADDB0 /* Top Five.app */ = {isa = PBXFileReference; explicitFileType = wrapper.application; includeInIndex = 0; path = "Top Five.app"; sourceTree = BUILT_PRODUCTS_DIR; };
		80C1B1952460C3F3000ADDB0 /* AppDelegate.swift */ = {isa = PBXFileReference; lastKnownFileType = sourcecode.swift; path = AppDelegate.swift; sourceTree = "<group>"; };
		80C1B1972460C3F3000ADDB0 /* SceneDelegate.swift */ = {isa = PBXFileReference; lastKnownFileType = sourcecode.swift; path = SceneDelegate.swift; sourceTree = "<group>"; };
		80C1B1992460C3F3000ADDB0 /* OverviewViewController.swift */ = {isa = PBXFileReference; lastKnownFileType = sourcecode.swift; path = OverviewViewController.swift; sourceTree = "<group>"; };
		80C1B19C2460C3F3000ADDB0 /* Base */ = {isa = PBXFileReference; lastKnownFileType = file.storyboard; name = Base; path = Base.lproj/Main.storyboard; sourceTree = "<group>"; };
		80C1B19E2460C3F8000ADDB0 /* Assets.xcassets */ = {isa = PBXFileReference; lastKnownFileType = folder.assetcatalog; path = Assets.xcassets; sourceTree = "<group>"; };
		80C1B1A12460C3F8000ADDB0 /* Base */ = {isa = PBXFileReference; lastKnownFileType = file.storyboard; name = Base; path = Base.lproj/LaunchScreen.storyboard; sourceTree = "<group>"; };
		80C1B1A32460C3F8000ADDB0 /* Info.plist */ = {isa = PBXFileReference; lastKnownFileType = text.plist.xml; path = Info.plist; sourceTree = "<group>"; };
		80C1B1B52460F619000ADDB0 /* OverviewCell.swift */ = {isa = PBXFileReference; lastKnownFileType = sourcecode.swift; path = OverviewCell.swift; sourceTree = "<group>"; };
		80C1B1B62460F619000ADDB0 /* OverviewCell.xib */ = {isa = PBXFileReference; lastKnownFileType = file.xib; path = OverviewCell.xib; sourceTree = "<group>"; };
		80EB28432461DA1C006E54BD /* TopFiveList.swift */ = {isa = PBXFileReference; lastKnownFileType = sourcecode.swift; path = TopFiveList.swift; sourceTree = "<group>"; };
		80EB28452461DA37006E54BD /* ListItem.swift */ = {isa = PBXFileReference; lastKnownFileType = sourcecode.swift; path = ListItem.swift; sourceTree = "<group>"; };
		80EB28482461ED9E006E54BD /* Righteous-Regular.ttf */ = {isa = PBXFileReference; lastKnownFileType = file; path = "Righteous-Regular.ttf"; sourceTree = "<group>"; };
/* End PBXFileReference section */

/* Begin PBXFrameworksBuildPhase section */
		80C1B18F2460C3F3000ADDB0 /* Frameworks */ = {
			isa = PBXFrameworksBuildPhase;
			buildActionMask = 2147483647;
			files = (
				6C96F628D399DF1C7CD25E43 /* Pods_Top_Five.framework in Frameworks */,
			);
			runOnlyForDeploymentPostprocessing = 0;
		};
/* End PBXFrameworksBuildPhase section */

/* Begin PBXGroup section */
		0FFEA34A64460E010331B85B /* Pods */ = {
			isa = PBXGroup;
			children = (
				5D27AA8D67FB3965ABFA161C /* Pods-Top Five.debug.xcconfig */,
				56F3DA81DE6A55C2A0B0AF41 /* Pods-Top Five.release.xcconfig */,
			);
			path = Pods;
			sourceTree = "<group>";
		};
		6F74D3393E6DEF01BF7CE548 /* Frameworks */ = {
			isa = PBXGroup;
			children = (
				783E0E7009AA91F8F4568B11 /* Pods_Top_Five.framework */,
			);
			name = Frameworks;
			sourceTree = "<group>";
		};
		80B907B624623215003950F3 /* View */ = {
			isa = PBXGroup;
			children = (
				80C1B1B52460F619000ADDB0 /* OverviewCell.swift */,
				80C1B1B62460F619000ADDB0 /* OverviewCell.xib */,
				8036293F246321610092C387 /* ListItemCell.swift */,
				80362940246321610092C387 /* ListItemCell.xib */,
				80C1B19B2460C3F3000ADDB0 /* Main.storyboard */,
			);
			name = View;
			path = Data/View;
			sourceTree = "<group>";
		};
		80B907B72462323E003950F3 /* Controller */ = {
			isa = PBXGroup;
			children = (
				80C1B1992460C3F3000ADDB0 /* OverviewViewController.swift */,
				80B907B82462331E003950F3 /* ItemsViewController.swift */,
			);
			name = Controller;
			path = Data/View/Controller;
			sourceTree = "<group>";
		};
		80C1B1892460C3F3000ADDB0 = {
			isa = PBXGroup;
			children = (
				80C1B1942460C3F3000ADDB0 /* Top Five */,
				80C1B1932460C3F3000ADDB0 /* Products */,
				0FFEA34A64460E010331B85B /* Pods */,
				6F74D3393E6DEF01BF7CE548 /* Frameworks */,
			);
			sourceTree = "<group>";
		};
		80C1B1932460C3F3000ADDB0 /* Products */ = {
			isa = PBXGroup;
			children = (
				80C1B1922460C3F3000ADDB0 /* Top Five.app */,
			);
			name = Products;
			sourceTree = "<group>";
		};
		80C1B1942460C3F3000ADDB0 /* Top Five */ = {
			isa = PBXGroup;
			children = (
				80C1B1952460C3F3000ADDB0 /* AppDelegate.swift */,
				80C1B1972460C3F3000ADDB0 /* SceneDelegate.swift */,
				80B907B72462323E003950F3 /* Controller */,
				80B907B624623215003950F3 /* View */,
				80EB28472461DA3F006E54BD /* Data */,
				80C1B1A02460C3F8000ADDB0 /* LaunchScreen.storyboard */,
				80C1B1A32460C3F8000ADDB0 /* Info.plist */,
				80C1B19E2460C3F8000ADDB0 /* Assets.xcassets */,
				80EB284A2461EDA3006E54BD /* Font */,
			);
			path = "Top Five";
			sourceTree = "<group>";
		};
		80EB28472461DA3F006E54BD /* Data */ = {
			isa = PBXGroup;
			children = (
				80EB28432461DA1C006E54BD /* TopFiveList.swift */,
				80EB28452461DA37006E54BD /* ListItem.swift */,
			);
			path = Data;
			sourceTree = "<group>";
		};
		80EB284A2461EDA3006E54BD /* Font */ = {
			isa = PBXGroup;
			children = (
				80EB28482461ED9E006E54BD /* Righteous-Regular.ttf */,
			);
			path = Font;
			sourceTree = "<group>";
		};
/* End PBXGroup section */

/* Begin PBXNativeTarget section */
		80C1B1912460C3F3000ADDB0 /* Top Five */ = {
			isa = PBXNativeTarget;
			buildConfigurationList = 80C1B1A62460C3F8000ADDB0 /* Build configuration list for PBXNativeTarget "Top Five" */;
			buildPhases = (
				13592A11A858299FA8BAA904 /* [CP] Check Pods Manifest.lock */,
				80C1B18E2460C3F3000ADDB0 /* Sources */,
				80C1B18F2460C3F3000ADDB0 /* Frameworks */,
				80C1B1902460C3F3000ADDB0 /* Resources */,
				F1FFBFB3D82D1EE938D63E95 /* [CP] Embed Pods Frameworks */,
			);
			buildRules = (
			);
			dependencies = (
			);
			name = "Top Five";
			productName = "Top Five";
			productReference = 80C1B1922460C3F3000ADDB0 /* Top Five.app */;
			productType = "com.apple.product-type.application";
		};
/* End PBXNativeTarget section */

/* Begin PBXProject section */
		80C1B18A2460C3F3000ADDB0 /* Project object */ = {
			isa = PBXProject;
			attributes = {
				LastSwiftUpdateCheck = 1140;
				LastUpgradeCheck = 1140;
				ORGANIZATIONNAME = "Sharence Solomero";
				TargetAttributes = {
					80C1B1912460C3F3000ADDB0 = {
						CreatedOnToolsVersion = 11.4.1;
					};
				};
			};
			buildConfigurationList = 80C1B18D2460C3F3000ADDB0 /* Build configuration list for PBXProject "Top Five" */;
			compatibilityVersion = "Xcode 9.3";
			developmentRegion = en;
			hasScannedForEncodings = 0;
			knownRegions = (
				en,
				Base,
			);
			mainGroup = 80C1B1892460C3F3000ADDB0;
			productRefGroup = 80C1B1932460C3F3000ADDB0 /* Products */;
			projectDirPath = "";
			projectRoot = "";
			targets = (
				80C1B1912460C3F3000ADDB0 /* Top Five */,
			);
		};
/* End PBXProject section */

/* Begin PBXResourcesBuildPhase section */
		80C1B1902460C3F3000ADDB0 /* Resources */ = {
			isa = PBXResourcesBuildPhase;
			buildActionMask = 2147483647;
			files = (
				80C1B1B82460F619000ADDB0 /* OverviewCell.xib in Resources */,
				80C1B1A22460C3F8000ADDB0 /* LaunchScreen.storyboard in Resources */,
				80362942246321610092C387 /* ListItemCell.xib in Resources */,
				80EB28492461ED9E006E54BD /* Righteous-Regular.ttf in Resources */,
				80C1B19F2460C3F8000ADDB0 /* Assets.xcassets in Resources */,
				80C1B19D2460C3F3000ADDB0 /* Main.storyboard in Resources */,
			);
			runOnlyForDeploymentPostprocessing = 0;
		};
/* End PBXResourcesBuildPhase section */

/* Begin PBXShellScriptBuildPhase section */
		13592A11A858299FA8BAA904 /* [CP] Check Pods Manifest.lock */ = {
			isa = PBXShellScriptBuildPhase;
			buildActionMask = 2147483647;
			files = (
			);
			inputFileListPaths = (
			);
			inputPaths = (
				"${PODS_PODFILE_DIR_PATH}/Podfile.lock",
				"${PODS_ROOT}/Manifest.lock",
			);
			name = "[CP] Check Pods Manifest.lock";
			outputFileListPaths = (
			);
			outputPaths = (
				"$(DERIVED_FILE_DIR)/Pods-Top Five-checkManifestLockResult.txt",
			);
			runOnlyForDeploymentPostprocessing = 0;
			shellPath = /bin/sh;
			shellScript = "diff \"${PODS_PODFILE_DIR_PATH}/Podfile.lock\" \"${PODS_ROOT}/Manifest.lock\" > /dev/null\nif [ $? != 0 ] ; then\n    # print error to STDERR\n    echo \"error: The sandbox is not in sync with the Podfile.lock. Run 'pod install' or update your CocoaPods installation.\" >&2\n    exit 1\nfi\n# This output is used by Xcode 'outputs' to avoid re-running this script phase.\necho \"SUCCESS\" > \"${SCRIPT_OUTPUT_FILE_0}\"\n";
			showEnvVarsInLog = 0;
		};
		F1FFBFB3D82D1EE938D63E95 /* [CP] Embed Pods Frameworks */ = {
			isa = PBXShellScriptBuildPhase;
			buildActionMask = 2147483647;
			files = (
			);
			inputFileListPaths = (
				"${PODS_ROOT}/Target Support Files/Pods-Top Five/Pods-Top Five-frameworks-${CONFIGURATION}-input-files.xcfilelist",
			);
			name = "[CP] Embed Pods Frameworks";
			outputFileListPaths = (
				"${PODS_ROOT}/Target Support Files/Pods-Top Five/Pods-Top Five-frameworks-${CONFIGURATION}-output-files.xcfilelist",
			);
			runOnlyForDeploymentPostprocessing = 0;
			shellPath = /bin/sh;
			shellScript = "\"${PODS_ROOT}/Target Support Files/Pods-Top Five/Pods-Top Five-frameworks.sh\"\n";
			showEnvVarsInLog = 0;
		};
/* End PBXShellScriptBuildPhase section */

/* Begin PBXSourcesBuildPhase section */
		80C1B18E2460C3F3000ADDB0 /* Sources */ = {
			isa = PBXSourcesBuildPhase;
			buildActionMask = 2147483647;
			files = (
				80362941246321610092C387 /* ListItemCell.swift in Sources */,
				80EB28462461DA37006E54BD /* ListItem.swift in Sources */,
				80C1B1B72460F619000ADDB0 /* OverviewCell.swift in Sources */,
				80EB28442461DA1C006E54BD /* TopFiveList.swift in Sources */,
				80C1B19A2460C3F3000ADDB0 /* OverviewViewController.swift in Sources */,
				80B907B92462331E003950F3 /* ItemsViewController.swift in Sources */,
				80C1B1962460C3F3000ADDB0 /* AppDelegate.swift in Sources */,
				80C1B1982460C3F3000ADDB0 /* SceneDelegate.swift in Sources */,
			);
			runOnlyForDeploymentPostprocessing = 0;
		};
/* End PBXSourcesBuildPhase section */

/* Begin PBXVariantGroup section */
		80C1B19B2460C3F3000ADDB0 /* Main.storyboard */ = {
			isa = PBXVariantGroup;
			children = (
				80C1B19C2460C3F3000ADDB0 /* Base */,
			);
			name = Main.storyboard;
			sourceTree = "<group>";
		};
		80C1B1A02460C3F8000ADDB0 /* LaunchScreen.storyboard */ = {
			isa = PBXVariantGroup;
			children = (
				80C1B1A12460C3F8000ADDB0 /* Base */,
			);
			name = LaunchScreen.storyboard;
			sourceTree = "<group>";
		};
/* End PBXVariantGroup section */

/* Begin XCBuildConfiguration section */
		80C1B1A42460C3F8000ADDB0 /* Debug */ = {
			isa = XCBuildConfiguration;
			buildSettings = {
				ALWAYS_SEARCH_USER_PATHS = NO;
				CLANG_ANALYZER_NONNULL = YES;
				CLANG_ANALYZER_NUMBER_OBJECT_CONVERSION = YES_AGGRESSIVE;
				CLANG_CXX_LANGUAGE_STANDARD = "gnu++14";
				CLANG_CXX_LIBRARY = "libc++";
				CLANG_ENABLE_MODULES = YES;
				CLANG_ENABLE_OBJC_ARC = YES;
				CLANG_ENABLE_OBJC_WEAK = YES;
				CLANG_WARN_BLOCK_CAPTURE_AUTORELEASING = YES;
				CLANG_WARN_BOOL_CONVERSION = YES;
				CLANG_WARN_COMMA = YES;
				CLANG_WARN_CONSTANT_CONVERSION = YES;
				CLANG_WARN_DEPRECATED_OBJC_IMPLEMENTATIONS = YES;
				CLANG_WARN_DIRECT_OBJC_ISA_USAGE = YES_ERROR;
				CLANG_WARN_DOCUMENTATION_COMMENTS = YES;
				CLANG_WARN_EMPTY_BODY = YES;
				CLANG_WARN_ENUM_CONVERSION = YES;
				CLANG_WARN_INFINITE_RECURSION = YES;
				CLANG_WARN_INT_CONVERSION = YES;
				CLANG_WARN_NON_LITERAL_NULL_CONVERSION = YES;
				CLANG_WARN_OBJC_IMPLICIT_RETAIN_SELF = YES;
				CLANG_WARN_OBJC_LITERAL_CONVERSION = YES;
				CLANG_WARN_OBJC_ROOT_CLASS = YES_ERROR;
				CLANG_WARN_RANGE_LOOP_ANALYSIS = YES;
				CLANG_WARN_STRICT_PROTOTYPES = YES;
				CLANG_WARN_SUSPICIOUS_MOVE = YES;
				CLANG_WARN_UNGUARDED_AVAILABILITY = YES_AGGRESSIVE;
				CLANG_WARN_UNREACHABLE_CODE = YES;
				CLANG_WARN__DUPLICATE_METHOD_MATCH = YES;
				COPY_PHASE_STRIP = NO;
				DEBUG_INFORMATION_FORMAT = dwarf;
				ENABLE_STRICT_OBJC_MSGSEND = YES;
				ENABLE_TESTABILITY = YES;
				GCC_C_LANGUAGE_STANDARD = gnu11;
				GCC_DYNAMIC_NO_PIC = NO;
				GCC_NO_COMMON_BLOCKS = YES;
				GCC_OPTIMIZATION_LEVEL = 0;
				GCC_PREPROCESSOR_DEFINITIONS = (
					"DEBUG=1",
					"$(inherited)",
				);
				GCC_WARN_64_TO_32_BIT_CONVERSION = YES;
				GCC_WARN_ABOUT_RETURN_TYPE = YES_ERROR;
				GCC_WARN_UNDECLARED_SELECTOR = YES;
				GCC_WARN_UNINITIALIZED_AUTOS = YES_AGGRESSIVE;
				GCC_WARN_UNUSED_FUNCTION = YES;
				GCC_WARN_UNUSED_VARIABLE = YES;
				IPHONEOS_DEPLOYMENT_TARGET = 13.4;
				MTL_ENABLE_DEBUG_INFO = INCLUDE_SOURCE;
				MTL_FAST_MATH = YES;
				ONLY_ACTIVE_ARCH = YES;
				SDKROOT = iphoneos;
				SWIFT_ACTIVE_COMPILATION_CONDITIONS = DEBUG;
				SWIFT_OPTIMIZATION_LEVEL = "-Onone";
			};
			name = Debug;
		};
		80C1B1A52460C3F8000ADDB0 /* Release */ = {
			isa = XCBuildConfiguration;
			buildSettings = {
				ALWAYS_SEARCH_USER_PATHS = NO;
				CLANG_ANALYZER_NONNULL = YES;
				CLANG_ANALYZER_NUMBER_OBJECT_CONVERSION = YES_AGGRESSIVE;
				CLANG_CXX_LANGUAGE_STANDARD = "gnu++14";
				CLANG_CXX_LIBRARY = "libc++";
				CLANG_ENABLE_MODULES = YES;
				CLANG_ENABLE_OBJC_ARC = YES;
				CLANG_ENABLE_OBJC_WEAK = YES;
				CLANG_WARN_BLOCK_CAPTURE_AUTORELEASING = YES;
				CLANG_WARN_BOOL_CONVERSION = YES;
				CLANG_WARN_COMMA = YES;
				CLANG_WARN_CONSTANT_CONVERSION = YES;
				CLANG_WARN_DEPRECATED_OBJC_IMPLEMENTATIONS = YES;
				CLANG_WARN_DIRECT_OBJC_ISA_USAGE = YES_ERROR;
				CLANG_WARN_DOCUMENTATION_COMMENTS = YES;
				CLANG_WARN_EMPTY_BODY = YES;
				CLANG_WARN_ENUM_CONVERSION = YES;
				CLANG_WARN_INFINITE_RECURSION = YES;
				CLANG_WARN_INT_CONVERSION = YES;
				CLANG_WARN_NON_LITERAL_NULL_CONVERSION = YES;
				CLANG_WARN_OBJC_IMPLICIT_RETAIN_SELF = YES;
				CLANG_WARN_OBJC_LITERAL_CONVERSION = YES;
				CLANG_WARN_OBJC_ROOT_CLASS = YES_ERROR;
				CLANG_WARN_RANGE_LOOP_ANALYSIS = YES;
				CLANG_WARN_STRICT_PROTOTYPES = YES;
				CLANG_WARN_SUSPICIOUS_MOVE = YES;
				CLANG_WARN_UNGUARDED_AVAILABILITY = YES_AGGRESSIVE;
				CLANG_WARN_UNREACHABLE_CODE = YES;
				CLANG_WARN__DUPLICATE_METHOD_MATCH = YES;
				COPY_PHASE_STRIP = NO;
				DEBUG_INFORMATION_FORMAT = "dwarf-with-dsym";
				ENABLE_NS_ASSERTIONS = NO;
				ENABLE_STRICT_OBJC_MSGSEND = YES;
				GCC_C_LANGUAGE_STANDARD = gnu11;
				GCC_NO_COMMON_BLOCKS = YES;
				GCC_WARN_64_TO_32_BIT_CONVERSION = YES;
				GCC_WARN_ABOUT_RETURN_TYPE = YES_ERROR;
				GCC_WARN_UNDECLARED_SELECTOR = YES;
				GCC_WARN_UNINITIALIZED_AUTOS = YES_AGGRESSIVE;
				GCC_WARN_UNUSED_FUNCTION = YES;
				GCC_WARN_UNUSED_VARIABLE = YES;
				IPHONEOS_DEPLOYMENT_TARGET = 13.4;
				MTL_ENABLE_DEBUG_INFO = NO;
				MTL_FAST_MATH = YES;
				SDKROOT = iphoneos;
				SWIFT_COMPILATION_MODE = wholemodule;
				SWIFT_OPTIMIZATION_LEVEL = "-O";
				VALIDATE_PRODUCT = YES;
			};
			name = Release;
		};
		80C1B1A72460C3F8000ADDB0 /* Debug */ = {
			isa = XCBuildConfiguration;
			baseConfigurationReference = 5D27AA8D67FB3965ABFA161C /* Pods-Top Five.debug.xcconfig */;
			buildSettings = {
				ASSETCATALOG_COMPILER_APPICON_NAME = AppIcon;
				CODE_SIGN_STYLE = Automatic;
				INFOPLIST_FILE = "Top Five/Info.plist";
				IPHONEOS_DEPLOYMENT_TARGET = 13.0;
				LD_RUNPATH_SEARCH_PATHS = (
					"$(inherited)",
					"@executable_path/Frameworks",
				);
				PRODUCT_BUNDLE_IDENTIFIER = "Sharence-Solomero.Top-Five";
				PRODUCT_NAME = "$(TARGET_NAME)";
				SWIFT_VERSION = 5.0;
				TARGETED_DEVICE_FAMILY = "1,2";
			};
			name = Debug;
		};
		80C1B1A82460C3F8000ADDB0 /* Release */ = {
			isa = XCBuildConfiguration;
			baseConfigurationReference = 56F3DA81DE6A55C2A0B0AF41 /* Pods-Top Five.release.xcconfig */;
			buildSettings = {
				ASSETCATALOG_COMPILER_APPICON_NAME = AppIcon;
				CODE_SIGN_STYLE = Automatic;
				INFOPLIST_FILE = "Top Five/Info.plist";
				IPHONEOS_DEPLOYMENT_TARGET = 13.0;
				LD_RUNPATH_SEARCH_PATHS = (
					"$(inherited)",
					"@executable_path/Frameworks",
				);
				PRODUCT_BUNDLE_IDENTIFIER = "Sharence-Solomero.Top-Five";
				PRODUCT_NAME = "$(TARGET_NAME)";
				SWIFT_VERSION = 5.0;
				TARGETED_DEVICE_FAMILY = "1,2";
			};
			name = Release;
		};
/* End XCBuildConfiguration section */

/* Begin XCConfigurationList section */
		80C1B18D2460C3F3000ADDB0 /* Build configuration list for PBXProject "Top Five" */ = {
			isa = XCConfigurationList;
			buildConfigurations = (
				80C1B1A42460C3F8000ADDB0 /* Debug */,
				80C1B1A52460C3F8000ADDB0 /* Release */,
			);
			defaultConfigurationIsVisible = 0;
			defaultConfigurationName = Release;
		};
		80C1B1A62460C3F8000ADDB0 /* Build configuration list for PBXNativeTarget "Top Five" */ = {
			isa = XCConfigurationList;
			buildConfigurations = (
				80C1B1A72460C3F8000ADDB0 /* Debug */,
				80C1B1A82460C3F8000ADDB0 /* Release */,
			);
			defaultConfigurationIsVisible = 0;
			defaultConfigurationName = Release;
		};
/* End XCConfigurationList section */
	};
	rootObject = 80C1B18A2460C3F3000ADDB0 /* Project object */;
}
